# This file is autogenerated, do not edit; changes may be undone by the next 'dep ensure'.


[[projects]]
  digest = "1:6a9d3c08b2c73a64a0b72cec6018ed088a3058b75d80e6be7e07ed8022fe6d49"
  name = "github.com/chrj/smtpd"
  packages = ["."]
  pruneopts = "UT"
  revision = "9c93a62f1a3d83fd7931846d8276fbccdbc7a96a"
  version = "v0.1.2"

[[projects]]
  digest = "1:bb89a2542933056fcebc2950bb15ec636e623cc43c96597288aa2009f15b0ce1"
  name = "github.com/eclipse/paho.mqtt.golang"
  packages = [
    ".",
    "packets",
  ]
  pruneopts = "UT"
  revision = "adca289fdcf8c883800aafa545bc263452290bae"
  version = "v1.2.0"

[[projects]]
  branch = "master"
  digest = "1:e775d4ebba1b3c976569abacbcb0c13465218b64d90d08ab886d2c5c0d22ee19"
  name = "github.com/paulrosania/go-charset"
  packages = ["charset"]
  pruneopts = "UT"
  revision = "55c9d7a5834c4d034b34bf042103dbc646887f4f"

[[projects]]
  branch = "master"
  digest = "1:64eef7e6879cd0d43170d25c1007c86d19d7d668b88b26540165bc05dd016d71"
  name = "github.com/sloonz/go-qprintable"
  packages = ["."]
  pruneopts = "UT"
  revision = "775b3a4592d5bfc47b0ba398ec0d4dba018e5926"

[[projects]]
  branch = "master"
  digest = "1:323d0eeaa3893e9f9cf6c11b11e3c5ce949b32d672b037e663b0e98de6f2d004"
  name = "golang.org/x/net"
  packages = [
    "internal/socks",
    "proxy",
    "websocket",
  ]
  pruneopts = "UT"
  revision = "ec77196f6094c3492a8b61f2c11cf937f78992ae"

[solve-meta]
  analyzer-name = "dep"
  analyzer-version = 1
  input-imports = [
    "github.com/chrj/smtpd",
    "github.com/eclipse/paho.mqtt.golang",
    "github.com/paulrosania/go-charset/charset",
    "github.com/sloonz/go-qprintable",
  ]
  solver-name = "gps-cdcl"
  solver-version = 1
